
Microsoft Visual Studio Solution File, Format Version 12.00
# Visual Studio Version 17
VisualStudioVersion = 17.11.35219.272
MinimumVisualStudioVersion = 10.0.40219.1
Project("{FAE04EC0-301F-11D3-BF4B-00C04F79EFBC}") = "Tischrechner", "Tischrechner\Tischrechner.csproj", "{92217A9C-2CFC-4C5B-A271-E4981A811E8D}"
EndProject
Global
	GlobalSection(SolutionConfigurationPlatforms) = preSolution
		Debug|Any CPU = Debug|Any CPU
		Release|Any CPU = Release|Any CPU
	EndGlobalSection
	GlobalSection(ProjectConfigurationPlatforms) = postSolution
		{92217A9C-2CFC-4C5B-A271-E4981A811E8D}.Debug|Any CPU.ActiveCfg = Debug|Any CPU
		{92217A9C-2CFC-4C5B-A271-E4981A811E8D}.Debug|Any CPU.Build.0 = Debug|Any CPU
		{92217A9C-2CFC-4C5B-A271-E4981A811E8D}.Release|Any CPU.ActiveCfg = Release|Any CPU
		{92217A9C-2CFC-4C5B-A271-E4981A811E8D}.Release|Any CPU.Build.0 = Release|Any CPU
	EndGlobalSection
	GlobalSection(SolutionProperties) = preSolution
		HideSolutionNode = FALSE
	EndGlobalSection
	GlobalSection(ExtensibilityGlobals) = postSolution
		SolutionGuid = {24DCEAAB-8F8D-4E5E-B945-1CF3ADDC7FFB}
	EndGlobalSection
EndGlobal
